# THIS IS AN AUTOGENERATED FILE. DO NOT EDIT THIS FILE DIRECTLY.
# yarn lockfile v1


extend@^3.0.1:
  version "3.0.1"
  resolved "https://registry.yarnpkg.com/extend/-/extend-3.0.1.tgz#a755ea7bc1adfcc5a31ce7e762dbaadc5e636444"

flatpickr@^3.0.5-1:
  version "3.0.5-1"
  resolved "https://registry.yarnpkg.com/flatpickr/-/flatpickr-3.0.5-1.tgz#c642991b71f8a404ec45e47e03dbf72c48f8b622"

nouislider@^10.0.0:
  version "10.0.0"
  resolved "https://registry.yarnpkg.com/nouislider/-/nouislider-10.0.0.tgz#166145168bc05701ef5168c17d171f79154c174e"
